
Microsoft Visual Studio Solution File, Format Version 12.00
# Visual Studio Version 16
VisualStudioVersion = 25.0.1704.2
MinimumVisualStudioVersion = 10.0.40219.1
Project("{FAE04EC0-301F-11D3-BF4B-00C04F79EFBC}") = "Band_name", "Band_name\Band_name.csproj", "{B7FBFF49-499A-4872-A321-0954CDEA6A15}"
EndProject
Global
	GlobalSection(SolutionConfigurationPlatforms) = preSolution
		Debug|Any CPU = Debug|Any CPU
		Release|Any CPU = Release|Any CPU
	EndGlobalSection
	GlobalSection(ProjectConfigurationPlatforms) = postSolution
		{B7FBFF49-499A-4872-A321-0954CDEA6A15}.Debug|Any CPU.ActiveCfg = Debug|Any CPU
		{B7FBFF49-499A-4872-A321-0954CDEA6A15}.Debug|Any CPU.Build.0 = Debug|Any CPU
		{B7FBFF49-499A-4872-A321-0954CDEA6A15}.Release|Any CPU.ActiveCfg = Release|Any CPU
		{B7FBFF49-499A-4872-A321-0954CDEA6A15}.Release|Any CPU.Build.0 = Release|Any CPU
	EndGlobalSection
	GlobalSection(SolutionProperties) = preSolution
		HideSolutionNode = FALSE
	EndGlobalSection
	GlobalSection(ExtensibilityGlobals) = postSolution
		SolutionGuid = {82CE1EC1-8699-4096-AC80-A5F5A43D0DF7}
	EndGlobalSection
EndGlobal
